{
  "requires": true,
  "lockfileVersion": 1,
  "dependencies": {
    "@vue/composition-api": {
      "version": "1.0.0-rc.11",
      "resolved": "https://registry.npmjs.org/@vue/composition-api/-/composition-api-1.0.0-rc.11.tgz",
      "integrity": "sha512-rB5cKeNZlHdjEYre2vBzdid+e09Mf2HmMrg31NCT6c1G6bgX1CJ6V8H7owo9+wK/O2YyN9AEkIVLOczP9s0VTQ==",
      "requires": {
        "tslib": "^2.2.0"
      }
    },
    "tslib": {
      "version": "2.3.0",
      "resolved": "https://registry.npmjs.org/tslib/-/tslib-2.3.0.tgz",
      "integrity": "sha512-N82ooyxVNm6h1riLCoyS9e3fuJ3AMG2zIZs2Gd1ATcSFjSA23Q0fzjjZeh0jbJvWVDZ0cJT8yaNNaaXHzueNjg=="
    }
  }
}
